
Microsoft Visual Studio Solution File, Format Version 12.00
# Visual Studio Version 17
VisualStudioVersion = 17.14.36202.13 d17.14
MinimumVisualStudioVersion = 10.0.40219.1
Project("{FAE04EC0-301F-11D3-BF4B-00C04F79EFBC}") = "WebFormApplication2", "WebFormApplication2\WebFormApplication2.csproj", "{239D0FBD-D74F-4237-BB27-CA82ED875FED}"
EndProject
Global
	GlobalSection(SolutionConfigurationPlatforms) = preSolution
		Debug|Any CPU = Debug|Any CPU
		Release|Any CPU = Release|Any CPU
	EndGlobalSection
	GlobalSection(ProjectConfigurationPlatforms) = postSolution
		{239D0FBD-D74F-4237-BB27-CA82ED875FED}.Debug|Any CPU.ActiveCfg = Debug|Any CPU
		{239D0FBD-D74F-4237-BB27-CA82ED875FED}.Debug|Any CPU.Build.0 = Debug|Any CPU
		{239D0FBD-D74F-4237-BB27-CA82ED875FED}.Release|Any CPU.ActiveCfg = Release|Any CPU
		{239D0FBD-D74F-4237-BB27-CA82ED875FED}.Release|Any CPU.Build.0 = Release|Any CPU
	EndGlobalSection
	GlobalSection(SolutionProperties) = preSolution
		HideSolutionNode = FALSE
	EndGlobalSection
	GlobalSection(ExtensibilityGlobals) = postSolution
		SolutionGuid = {D88BE226-89B0-475A-AEED-674228BA4D66}
	EndGlobalSection
EndGlobal
